
Microsoft Visual Studio Solution File, Format Version 12.00
# Visual Studio Version 16
VisualStudioVersion = 16.0.31402.337
MinimumVisualStudioVersion = 10.0.40219.1
Project("{FAE04EC0-301F-11D3-BF4B-00C04F79EFBC}") = "Commands", "Commands\Commands.csproj", "{832AFF87-5DD9-42E2-8CB5-50BB6EE75F0F}"
EndProject
Global
	GlobalSection(SolutionConfigurationPlatforms) = preSolution
		Debug|Any CPU = Debug|Any CPU
		Release|Any CPU = Release|Any CPU
	EndGlobalSection
	GlobalSection(ProjectConfigurationPlatforms) = postSolution
		{832AFF87-5DD9-42E2-8CB5-50BB6EE75F0F}.Debug|Any CPU.ActiveCfg = Debug|Any CPU
		{832AFF87-5DD9-42E2-8CB5-50BB6EE75F0F}.Debug|Any CPU.Build.0 = Debug|Any CPU
		{832AFF87-5DD9-42E2-8CB5-50BB6EE75F0F}.Release|Any CPU.ActiveCfg = Release|Any CPU
		{832AFF87-5DD9-42E2-8CB5-50BB6EE75F0F}.Release|Any CPU.Build.0 = Release|Any CPU
	EndGlobalSection
	GlobalSection(SolutionProperties) = preSolution
		HideSolutionNode = FALSE
	EndGlobalSection
	GlobalSection(ExtensibilityGlobals) = postSolution
		SolutionGuid = {385B0CEE-7A67-46DA-8031-CCC62F940839}
	EndGlobalSection
EndGlobal
